
Microsoft Visual Studio Solution File, Format Version 12.00
# Visual Studio Version 16
VisualStudioVersion = 16.0.29326.143
MinimumVisualStudioVersion = 10.0.40219.1
Project("{FAE04EC0-301F-11D3-BF4B-00C04F79EFBC}") = "ncmdump.App", "ncmdump.App\ncmdump.App.csproj", "{19218BA8-D34D-448B-9E11-C2DCE1419ED2}"
EndProject
Global
	GlobalSection(SolutionConfigurationPlatforms) = preSolution
		Debug|Any CPU = Debug|Any CPU
		Release|Any CPU = Release|Any CPU
	EndGlobalSection
	GlobalSection(ProjectConfigurationPlatforms) = postSolution
		{19218BA8-D34D-448B-9E11-C2DCE1419ED2}.Debug|Any CPU.ActiveCfg = Debug|Any CPU
		{19218BA8-D34D-448B-9E11-C2DCE1419ED2}.Debug|Any CPU.Build.0 = Debug|Any CPU
		{19218BA8-D34D-448B-9E11-C2DCE1419ED2}.Release|Any CPU.ActiveCfg = Release|Any CPU
		{19218BA8-D34D-448B-9E11-C2DCE1419ED2}.Release|Any CPU.Build.0 = Release|Any CPU
	EndGlobalSection
	GlobalSection(SolutionProperties) = preSolution
		HideSolutionNode = FALSE
	EndGlobalSection
	GlobalSection(ExtensibilityGlobals) = postSolution
		SolutionGuid = {B61F459D-7D13-46F3-90B9-7C6668ACCD4B}
	EndGlobalSection
EndGlobal
